{
    "version": 3,
    "terraform_version": "0.11.4",
    "serial": 17,
    "lineage": "57a31896-d5ed-ea74-dddf-0c0239abf060",
    "modules": [
        {
            "path": [
                "root"
            ],
            "outputs": {},
            "resources": {
                "aws_instance.web": {
                    "type": "aws_instance",
                    "depends_on": [
                        "aws_security_group.SGALL",
                        "aws_subnet.PubSubnetAza"
                    ],
                    "primary": {
                        "id": "i-0528ad4fb28cf4314",
                        "attributes": {
                            "ami": "ami-0b1e356e",
                            "associate_public_ip_address": "false",
                            "availability_zone": "us-east-2a",
                            "disable_api_termination": "false",
                            "ebs_block_device.#": "0",
                            "ebs_optimized": "false",
                            "ephemeral_block_device.#": "0",
                            "iam_instance_profile": "",
                            "id": "i-0528ad4fb28cf4314",
                            "instance_state": "running",
                            "instance_type": "t2.micro",
                            "ipv6_addresses.#": "0",
                            "key_name": "devops",
                            "monitoring": "false",
                            "network_interface.#": "0",
                            "network_interface_id": "eni-e70c11b9",
                            "placement_group": "",
                            "primary_network_interface_id": "eni-e70c11b9",
                            "private_dns": "ip-10-0-1-186.us-east-2.compute.internal",
                            "private_ip": "10.0.1.186",
                            "public_dns": "",
                            "public_ip": "",
                            "root_block_device.#": "1",
                            "root_block_device.0.delete_on_termination": "true",
                            "root_block_device.0.iops": "100",
                            "root_block_device.0.volume_id": "vol-0bb6e2ca3617fc354",
                            "root_block_device.0.volume_size": "10",
                            "root_block_device.0.volume_type": "gp2",
                            "security_groups.#": "0",
                            "source_dest_check": "true",
                            "subnet_id": "subnet-df20acb7",
                            "tags.%": "1",
                            "tags.Name": "WEB",
                            "tenancy": "default",
                            "volume_tags.%": "0",
                            "vpc_security_group_ids.#": "1",
                            "vpc_security_group_ids.382702756": "sg-05bcc46e"
                        },
                        "meta": {
                            "e2bfb730-ecaa-11e6-8f88-34363bc7c4c0": {
                                "create": 600000000000,
                                "delete": 1200000000000,
                                "update": 600000000000
                            },
                            "schema_version": "1"
                        },
                        "tainted": false
                    },
                    "deposed": [],
                    "provider": "provider.aws"
                },
                "aws_internet_gateway.IGW": {
                    "type": "aws_internet_gateway",
                    "depends_on": [
                        "aws_vpc.VPC"
                    ],
                    "primary": {
                        "id": "igw-f799869e",
                        "attributes": {
                            "id": "igw-f799869e",
                            "tags.%": "1",
                            "tags.Name": "STUDENT-IGW",
                            "vpc_id": "vpc-e778f38f"
                        },
                        "meta": {},
                        "tainted": false
                    },
                    "deposed": [],
                    "provider": "provider.aws"
                },
                "aws_route_table.AZaRoute": {
                    "type": "aws_route_table",
                    "depends_on": [
                        "aws_internet_gateway.IGW",
                        "aws_vpc.VPC"
                    ],
                    "primary": {
                        "id": "rtb-c5ca89ad",
                        "attributes": {
                            "id": "rtb-c5ca89ad",
                            "propagating_vgws.#": "0",
                            "route.#": "1",
                            "route.731914926.cidr_block": "0.0.0.0/0",
                            "route.731914926.egress_only_gateway_id": "",
                            "route.731914926.gateway_id": "igw-f799869e",
                            "route.731914926.instance_id": "",
                            "route.731914926.ipv6_cidr_block": "",
                            "route.731914926.nat_gateway_id": "",
                            "route.731914926.network_interface_id": "",
                            "route.731914926.vpc_peering_connection_id": "",
                            "tags.%": "1",
                            "tags.Name": "AZaRoute",
                            "vpc_id": "vpc-e778f38f"
                        },
                        "meta": {},
                        "tainted": false
                    },
                    "deposed": [],
                    "provider": "provider.aws"
                },
                "aws_route_table_association.PubAZaRouteAssoc": {
                    "type": "aws_route_table_association",
                    "depends_on": [
                        "aws_route_table.AZaRoute",
                        "aws_subnet.PubSubnetAza"
                    ],
                    "primary": {
                        "id": "rtbassoc-326abc59",
                        "attributes": {
                            "id": "rtbassoc-326abc59",
                            "route_table_id": "rtb-c5ca89ad",
                            "subnet_id": "subnet-df20acb7"
                        },
                        "meta": {},
                        "tainted": false
                    },
                    "deposed": [],
                    "provider": "provider.aws"
                },
                "aws_security_group.SGALL": {
                    "type": "aws_security_group",
                    "depends_on": [
                        "aws_vpc.VPC"
                    ],
                    "primary": {
                        "id": "sg-05bcc46e",
                        "attributes": {
                            "description": "Allow all inbound traffic",
                            "egress.#": "0",
                            "id": "sg-05bcc46e",
                            "ingress.#": "1",
                            "ingress.1403647648.cidr_blocks.#": "1",
                            "ingress.1403647648.cidr_blocks.0": "0.0.0.0/0",
                            "ingress.1403647648.description": "",
                            "ingress.1403647648.from_port": "0",
                            "ingress.1403647648.ipv6_cidr_blocks.#": "0",
                            "ingress.1403647648.protocol": "tcp",
                            "ingress.1403647648.security_groups.#": "0",
                            "ingress.1403647648.self": "false",
                            "ingress.1403647648.to_port": "65535",
                            "name": "DevOps",
                            "owner_id": "973714476881",
                            "revoke_rules_on_delete": "false",
                            "tags.%": "1",
                            "tags.Name": "DevOps",
                            "vpc_id": "vpc-e778f38f"
                        },
                        "meta": {
                            "e2bfb730-ecaa-11e6-8f88-34363bc7c4c0": {
                                "create": 600000000000,
                                "delete": 600000000000
                            },
                            "schema_version": "1"
                        },
                        "tainted": false
                    },
                    "deposed": [],
                    "provider": "provider.aws"
                },
                "aws_subnet.PubSubnetAza": {
                    "type": "aws_subnet",
                    "depends_on": [
                        "aws_vpc.VPC"
                    ],
                    "primary": {
                        "id": "subnet-df20acb7",
                        "attributes": {
                            "assign_ipv6_address_on_creation": "false",
                            "availability_zone": "us-east-2a",
                            "cidr_block": "10.0.1.0/24",
                            "id": "subnet-df20acb7",
                            "map_public_ip_on_launch": "false",
                            "tags.%": "1",
                            "tags.Name": "PubSubnetAza",
                            "vpc_id": "vpc-e778f38f"
                        },
                        "meta": {
                            "schema_version": "1"
                        },
                        "tainted": false
                    },
                    "deposed": [],
                    "provider": "provider.aws"
                },
                "aws_vpc.VPC": {
                    "type": "aws_vpc",
                    "depends_on": [],
                    "primary": {
                        "id": "vpc-e778f38f",
                        "attributes": {
                            "assign_generated_ipv6_cidr_block": "false",
                            "cidr_block": "10.0.0.0/16",
                            "default_network_acl_id": "acl-5593fb3d",
                            "default_route_table_id": "rtb-42ca892a",
                            "default_security_group_id": "sg-0ab9c161",
                            "dhcp_options_id": "dopt-8b9d94e2",
                            "enable_dns_hostnames": "false",
                            "enable_dns_support": "true",
                            "id": "vpc-e778f38f",
                            "instance_tenancy": "default",
                            "main_route_table_id": "rtb-42ca892a",
                            "tags.%": "1",
                            "tags.Name": "STUDENT"
                        },
                        "meta": {
                            "schema_version": "1"
                        },
                        "tainted": false
                    },
                    "deposed": [],
                    "provider": "provider.aws"
                }
            },
            "depends_on": []
        }
    ]
}
